
Microsoft Visual Studio Solution File, Format Version 12.00
# Visual Studio Version 17
VisualStudioVersion = 17.7.34031.279
MinimumVisualStudioVersion = 10.0.40219.1
Project("{FAE04EC0-301F-11D3-BF4B-00C04F79EFBC}") = "healthcareBackend .NET", "healthcareBackend .NET\healthcareBackend .NET.csproj", "{B8E12DA6-240E-4B9F-9A48-5763D1B62D35}"
EndProject
Global
	GlobalSection(SolutionConfigurationPlatforms) = preSolution
		Debug|Any CPU = Debug|Any CPU
		Release|Any CPU = Release|Any CPU
	EndGlobalSection
	GlobalSection(ProjectConfigurationPlatforms) = postSolution
		{B8E12DA6-240E-4B9F-9A48-5763D1B62D35}.Debug|Any CPU.ActiveCfg = Debug|Any CPU
		{B8E12DA6-240E-4B9F-9A48-5763D1B62D35}.Debug|Any CPU.Build.0 = Debug|Any CPU
		{B8E12DA6-240E-4B9F-9A48-5763D1B62D35}.Release|Any CPU.ActiveCfg = Release|Any CPU
		{B8E12DA6-240E-4B9F-9A48-5763D1B62D35}.Release|Any CPU.Build.0 = Release|Any CPU
	EndGlobalSection
	GlobalSection(SolutionProperties) = preSolution
		HideSolutionNode = FALSE
	EndGlobalSection
	GlobalSection(ExtensibilityGlobals) = postSolution
		SolutionGuid = {D1DD3CF9-522E-4B09-AF0B-EDB02A9DA571}
	EndGlobalSection
EndGlobal
